
Microsoft Visual Studio Solution File, Format Version 12.00
# Visual Studio Version 17
VisualStudioVersion = 17.13.35818.85 d17.13
MinimumVisualStudioVersion = 10.0.40219.1
Project("{FAE04EC0-301F-11D3-BF4B-00C04F79EFBC}") = "3_6_1", "3_6_1.csproj", "{B51A289E-7FA8-4C69-A867-41F7EEAA5B7E}"
EndProject
Global
	GlobalSection(SolutionConfigurationPlatforms) = preSolution
		Debug|Any CPU = Debug|Any CPU
		Release|Any CPU = Release|Any CPU
	EndGlobalSection
	GlobalSection(ProjectConfigurationPlatforms) = postSolution
		{B51A289E-7FA8-4C69-A867-41F7EEAA5B7E}.Debug|Any CPU.ActiveCfg = Debug|Any CPU
		{B51A289E-7FA8-4C69-A867-41F7EEAA5B7E}.Debug|Any CPU.Build.0 = Debug|Any CPU
		{B51A289E-7FA8-4C69-A867-41F7EEAA5B7E}.Release|Any CPU.ActiveCfg = Release|Any CPU
		{B51A289E-7FA8-4C69-A867-41F7EEAA5B7E}.Release|Any CPU.Build.0 = Release|Any CPU
	EndGlobalSection
	GlobalSection(SolutionProperties) = preSolution
		HideSolutionNode = FALSE
	EndGlobalSection
	GlobalSection(ExtensibilityGlobals) = postSolution
		SolutionGuid = {98E67A8C-F9A7-429E-9C0F-E459BBFE5C7E}
	EndGlobalSection
EndGlobal
