
Microsoft Visual Studio Solution File, Format Version 12.00
# Visual Studio Version 17
VisualStudioVersion = 17.13.35818.85 d17.13
MinimumVisualStudioVersion = 10.0.40219.1
Project("{FAE04EC0-301F-11D3-BF4B-00C04F79EFBC}") = "assignment3", "assignment3.csproj", "{D23B5B3E-CC21-42BD-B70C-491739FF350E}"
EndProject
Global
	GlobalSection(SolutionConfigurationPlatforms) = preSolution
		Debug|Any CPU = Debug|Any CPU
		Release|Any CPU = Release|Any CPU
	EndGlobalSection
	GlobalSection(ProjectConfigurationPlatforms) = postSolution
		{D23B5B3E-CC21-42BD-B70C-491739FF350E}.Debug|Any CPU.ActiveCfg = Debug|Any CPU
		{D23B5B3E-CC21-42BD-B70C-491739FF350E}.Debug|Any CPU.Build.0 = Debug|Any CPU
		{D23B5B3E-CC21-42BD-B70C-491739FF350E}.Release|Any CPU.ActiveCfg = Release|Any CPU
		{D23B5B3E-CC21-42BD-B70C-491739FF350E}.Release|Any CPU.Build.0 = Release|Any CPU
	EndGlobalSection
	GlobalSection(SolutionProperties) = preSolution
		HideSolutionNode = FALSE
	EndGlobalSection
	GlobalSection(ExtensibilityGlobals) = postSolution
		SolutionGuid = {AF8621D2-3287-47CA-A55F-11759E090309}
	EndGlobalSection
EndGlobal
