
Microsoft Visual Studio Solution File, Format Version 12.00
# Visual Studio Version 17
VisualStudioVersion = 17.13.35818.85 d17.13
MinimumVisualStudioVersion = 10.0.40219.1
Project("{FAE04EC0-301F-11D3-BF4B-00C04F79EFBC}") = "WinFormsApp1", "WinFormsApp1.csproj", "{CA769319-3AD6-47C4-A95D-219E3968B123}"
EndProject
Global
	GlobalSection(SolutionConfigurationPlatforms) = preSolution
		Debug|Any CPU = Debug|Any CPU
		Release|Any CPU = Release|Any CPU
	EndGlobalSection
	GlobalSection(ProjectConfigurationPlatforms) = postSolution
		{CA769319-3AD6-47C4-A95D-219E3968B123}.Debug|Any CPU.ActiveCfg = Debug|Any CPU
		{CA769319-3AD6-47C4-A95D-219E3968B123}.Debug|Any CPU.Build.0 = Debug|Any CPU
		{CA769319-3AD6-47C4-A95D-219E3968B123}.Release|Any CPU.ActiveCfg = Release|Any CPU
		{CA769319-3AD6-47C4-A95D-219E3968B123}.Release|Any CPU.Build.0 = Release|Any CPU
	EndGlobalSection
	GlobalSection(SolutionProperties) = preSolution
		HideSolutionNode = FALSE
	EndGlobalSection
	GlobalSection(ExtensibilityGlobals) = postSolution
		SolutionGuid = {461E0548-41B3-4D1B-AD9F-2337A160A8DF}
	EndGlobalSection
EndGlobal
