
Microsoft Visual Studio Solution File, Format Version 12.00
# Visual Studio Version 17
VisualStudioVersion = 17.13.35818.85 d17.13
MinimumVisualStudioVersion = 10.0.40219.1
Project("{FAE04EC0-301F-11D3-BF4B-00C04F79EFBC}") = "3_13_1", "3_13_1.csproj", "{FA860E31-E1A4-4FF1-929A-A08EDC25D630}"
EndProject
Global
	GlobalSection(SolutionConfigurationPlatforms) = preSolution
		Debug|Any CPU = Debug|Any CPU
		Release|Any CPU = Release|Any CPU
	EndGlobalSection
	GlobalSection(ProjectConfigurationPlatforms) = postSolution
		{FA860E31-E1A4-4FF1-929A-A08EDC25D630}.Debug|Any CPU.ActiveCfg = Debug|Any CPU
		{FA860E31-E1A4-4FF1-929A-A08EDC25D630}.Debug|Any CPU.Build.0 = Debug|Any CPU
		{FA860E31-E1A4-4FF1-929A-A08EDC25D630}.Release|Any CPU.ActiveCfg = Release|Any CPU
		{FA860E31-E1A4-4FF1-929A-A08EDC25D630}.Release|Any CPU.Build.0 = Release|Any CPU
	EndGlobalSection
	GlobalSection(SolutionProperties) = preSolution
		HideSolutionNode = FALSE
	EndGlobalSection
	GlobalSection(ExtensibilityGlobals) = postSolution
		SolutionGuid = {C5AB42F1-6C0E-4EA0-BC67-1A5FDA898E03}
	EndGlobalSection
EndGlobal
